
Microsoft Visual Studio Solution File, Format Version 12.00
# Visual Studio Version 16
VisualStudioVersion = 16.0.30114.105
MinimumVisualStudioVersion = 10.0.40219.1
Project("{FAE04EC0-301F-11D3-BF4B-00C04F79EFBC}") = "ExamFinale", "ExamFinale\ExamFinale.csproj", "{5FD2E507-6249-4130-A64A-70CF58E6EBEB}"
EndProject
Global
	GlobalSection(SolutionConfigurationPlatforms) = preSolution
		Debug|Any CPU = Debug|Any CPU
		Release|Any CPU = Release|Any CPU
	EndGlobalSection
	GlobalSection(ProjectConfigurationPlatforms) = postSolution
		{5FD2E507-6249-4130-A64A-70CF58E6EBEB}.Debug|Any CPU.ActiveCfg = Debug|Any CPU
		{5FD2E507-6249-4130-A64A-70CF58E6EBEB}.Debug|Any CPU.Build.0 = Debug|Any CPU
		{5FD2E507-6249-4130-A64A-70CF58E6EBEB}.Release|Any CPU.ActiveCfg = Release|Any CPU
		{5FD2E507-6249-4130-A64A-70CF58E6EBEB}.Release|Any CPU.Build.0 = Release|Any CPU
	EndGlobalSection
	GlobalSection(SolutionProperties) = preSolution
		HideSolutionNode = FALSE
	EndGlobalSection
	GlobalSection(ExtensibilityGlobals) = postSolution
		SolutionGuid = {3104329D-36BD-4E87-A18D-600AF0F8CE16}
	EndGlobalSection
EndGlobal
